
Microsoft Visual Studio Solution File, Format Version 12.00
# Visual Studio Version 17
VisualStudioVersion = 17.3.32819.101
MinimumVisualStudioVersion = 10.0.40219.1
Project("{FAE04EC0-301F-11D3-BF4B-00C04F79EFBC}") = "SpecFlowAutomationTraining", "SpecFlowAutomationTraining\SpecFlowAutomationTraining.csproj", "{F3E36789-88D1-4BFE-8B30-A598A64AE716}"
EndProject
Global
	GlobalSection(SolutionConfigurationPlatforms) = preSolution
		Debug|Any CPU = Debug|Any CPU
		Release|Any CPU = Release|Any CPU
	EndGlobalSection
	GlobalSection(ProjectConfigurationPlatforms) = postSolution
		{F3E36789-88D1-4BFE-8B30-A598A64AE716}.Debug|Any CPU.ActiveCfg = Debug|Any CPU
		{F3E36789-88D1-4BFE-8B30-A598A64AE716}.Debug|Any CPU.Build.0 = Debug|Any CPU
		{F3E36789-88D1-4BFE-8B30-A598A64AE716}.Release|Any CPU.ActiveCfg = Release|Any CPU
		{F3E36789-88D1-4BFE-8B30-A598A64AE716}.Release|Any CPU.Build.0 = Release|Any CPU
	EndGlobalSection
	GlobalSection(SolutionProperties) = preSolution
		HideSolutionNode = FALSE
	EndGlobalSection
	GlobalSection(ExtensibilityGlobals) = postSolution
		SolutionGuid = {F4B2CA1F-6872-43F8-ACEF-3C2579541249}
	EndGlobalSection
EndGlobal
